version = 1
revision = 3
requires-python = ">=3.12"

[[package]]
name = "maturin"
version = "1.10.2"
source = { registry = "https://pypi.org/simple" }
sdist = { url = "https://files.pythonhosted.org/packages/02/44/c593afce7d418ae6016b955c978055232359ad28c707a9ac6643fc60512d/maturin-1.10.2.tar.gz", hash = "sha256:259292563da89850bf8f7d37aa4ddba22905214c1e180b1c8f55505dfd8c0e81", size = 217835, upload-time = "2025-11-19T11:53:17.348Z" }
wheels = [
    { url = "https://files.pythonhosted.org/packages/15/74/7f7e93019bb71aa072a7cdf951cbe4c9a8d5870dd86c66ec67002153487f/maturin-1.10.2-py3-none-linux_armv6l.whl", hash = "sha256:11c73815f21a755d2129c410e6cb19dbfacbc0155bfc46c706b69930c2eb794b", size = 8763201, upload-time = "2025-11-19T11:52:42.98Z" },
    { url = "https://files.pythonhosted.org/packages/4a/85/1d1b64dbb6518ee633bfde8787e251ae59428818fea7a6bdacb8008a09bd/maturin-1.10.2-py3-none-macosx_10_12_x86_64.macosx_11_0_arm64.macosx_10_12_universal2.whl", hash = "sha256:7fbd997c5347649ee7987bd05a92bd5b8b07efa4ac3f8bcbf6196e07eb573d89", size = 17072583, upload-time = "2025-11-19T11:52:45.636Z" },
    { url = "https://files.pythonhosted.org/packages/7c/45/2418f0d6e1cbdf890205d1dc73ebea6778bb9ce80f92e866576c701ded72/maturin-1.10.2-py3-none-macosx_10_12_x86_64.whl", hash = "sha256:e3ce9b2ad4fb9c341f450a6d32dc3edb409a2d582a81bc46ba55f6e3b6196b22", size = 8827021, upload-time = "2025-11-19T11:52:48.143Z" },
    { url = "https://files.pythonhosted.org/packages/7f/83/14c96ddc93b38745d8c3b85126f7d78a94f809a49dc9644bb22b0dc7b78c/maturin-1.10.2-py3-none-manylinux_2_12_i686.manylinux2010_i686.musllinux_1_1_i686.whl", hash = "sha256:f0d1b7b5f73c8d30a7e71cd2a2189a7f0126a3a3cd8b3d6843e7e1d4db50f759", size = 8751780, upload-time = "2025-11-19T11:52:51.613Z" },
    { url = "https://files.pythonhosted.org/packages/46/8d/753148c0d0472acd31a297f6d11c3263cd2668d38278ed29d523625f7290/maturin-1.10.2-py3-none-manylinux_2_12_x86_64.manylinux2010_x86_64.musllinux_1_1_x86_64.whl", hash = "sha256:efcd496a3202ffe0d0489df1f83d08b91399782fb2dd545d5a1e7bf6fd81af39", size = 9241884, upload-time = "2025-11-19T11:52:53.946Z" },
    { url = "https://files.pythonhosted.org/packages/b9/f9/f5ca9fe8cad70cac6f3b6008598cc708f8a74dd619baced99784a6253f23/maturin-1.10.2-py3-none-manylinux_2_17_aarch64.manylinux2014_aarch64.musllinux_1_1_aarch64.whl", hash = "sha256:a41ec70d99e27c05377be90f8e3c3def2a7bae4d0d9d5ea874aaf2d1da625d5c", size = 8671736, upload-time = "2025-11-19T11:52:57.133Z" },
    { url = "https://files.pythonhosted.org/packages/0a/76/f59cbcfcabef0259c3971f8b5754c85276a272028d8363386b03ec4e9947/maturin-1.10.2-py3-none-manylinux_2_17_armv7l.manylinux2014_armv7l.musllinux_1_1_armv7l.whl", hash = "sha256:07a82864352feeaf2167247c8206937ef6c6ae9533025d416b7004ade0ea601d", size = 8633475, upload-time = "2025-11-19T11:53:00.389Z" },
    { url = "https://files.pythonhosted.org/packages/53/40/96cd959ad1dda6c12301860a74afece200a3209d84b393beedd5d7d915c0/maturin-1.10.2-py3-none-manylinux_2_17_ppc64le.manylinux2014_ppc64le.musllinux_1_1_ppc64le.whl", hash = "sha256:04df81ee295dcda37828bd025a4ac688ea856e3946e4cb300a8f44a448de0069", size = 11177118, upload-time = "2025-11-19T11:53:03.014Z" },
    { url = "https://files.pythonhosted.org/packages/e5/b6/144f180f36314be183f5237011528f0e39fe5fd2e74e65c3b44a5795971e/maturin-1.10.2-py3-none-manylinux_2_17_s390x.manylinux2014_s390x.whl", hash = "sha256:96e1d391e4c1fa87edf2a37e4d53d5f2e5f39dd880b9d8306ac9f8eb212d23f8", size = 9320218, upload-time = "2025-11-19T11:53:05.39Z" },
    { url = "https://files.pythonhosted.org/packages/eb/2d/2c483c1b3118e2e10fd8219d5291843f5f7c12284113251bf506144a3ac1/maturin-1.10.2-py3-none-manylinux_2_31_riscv64.whl", hash = "sha256:a217aa7c42aa332fb8e8377eb07314e1f02cf0fe036f614aca4575121952addd", size = 8985266, upload-time = "2025-11-19T11:53:07.618Z" },
    { url = "https://files.pythonhosted.org/packages/1d/98/1d0222521e112cd058b56e8d96c72cf9615f799e3b557adb4b16004f42aa/maturin-1.10.2-py3-none-win32.whl", hash = "sha256:da031771d9fb6ddb1d373638ec2556feee29e4507365cd5749a2d354bcadd818", size = 7667897, upload-time = "2025-11-19T11:53:10.14Z" },
    { url = "https://files.pythonhosted.org/packages/a0/ec/c6c973b1def0d04533620b439d5d7aebb257657ba66710885394514c8045/maturin-1.10.2-py3-none-win_amd64.whl", hash = "sha256:da777766fd584440dc9fecd30059a94f85e4983f58b09e438ae38ee4b494024c", size = 8908416, upload-time = "2025-11-19T11:53:12.862Z" },
    { url = "https://files.pythonhosted.org/packages/1b/01/7da60c9f7d5dc92dfa5e8888239fd0fb2613ee19e44e6db5c2ed5595fab3/maturin-1.10.2-py3-none-win_arm64.whl", hash = "sha256:a4c29a770ea2c76082e0afc6d4efd8ee94405588bfae00d10828f72e206c739b", size = 7506680, upload-time = "2025-11-19T11:53:15.403Z" },
]

[[package]]
name = "natsort"
version = "8.4.0"
source = { registry = "https://pypi.org/simple" }
sdist = { url = "https://files.pythonhosted.org/packages/e2/a9/a0c57aee75f77794adaf35322f8b6404cbd0f89ad45c87197a937764b7d0/natsort-8.4.0.tar.gz", hash = "sha256:45312c4a0e5507593da193dedd04abb1469253b601ecaf63445ad80f0a1ea581", size = 76575, upload-time = "2023-06-20T04:17:19.925Z" }
wheels = [
    { url = "https://files.pythonhosted.org/packages/ef/82/7a9d0550484a62c6da82858ee9419f3dd1ccc9aa1c26a1e43da3ecd20b0d/natsort-8.4.0-py3-none-any.whl", hash = "sha256:4732914fb471f56b5cce04d7bae6f164a592c7712e1c85f9ef585e197299521c", size = 38268, upload-time = "2023-06-20T04:17:17.522Z" },
]

[[package]]
name = "natsort-rs"
source = { editable = "." }

[package.dev-dependencies]
dev = [
    { name = "maturin" },
    { name = "natsort" },
    { name = "pyrefly" },
    { name = "ruff" },
]

[package.metadata]

[package.metadata.requires-dev]
dev = [
    { name = "maturin", specifier = ">=1.0,<2.0" },
    { name = "natsort", specifier = ">=8.0.0" },
    { name = "pyrefly", specifier = ">=1.0.0" },
    { name = "ruff", specifier = ">=0.15.13" },
]

[[package]]
name = "pyrefly"
version = "1.0.0"
source = { registry = "https://pypi.org/simple" }
sdist = { url = "https://files.pythonhosted.org/packages/9f/3a/9045b0097ac58979c7c30a4fa0e673db942d4adbc7b6d439bd54ae58c441/pyrefly-1.0.0.tar.gz", hash = "sha256:5c2b810ffcebd84be71de5df1223651edee951653a66935c6f091e957c452455", size = 5677995, upload-time = "2026-05-12T20:12:46.812Z" }
wheels = [
    { url = "https://files.pythonhosted.org/packages/f4/c6/90788819bac9c61dd7bacba53b79f3c12d47ccbe5e51b3d6d89f2387e1d2/pyrefly-1.0.0-py3-none-macosx_10_12_x86_64.whl", hash = "sha256:e355a0908555348ed4b9585ef25c76ff566673e345c866c325f1633f44d890b6", size = 13122950, upload-time = "2026-05-12T20:12:20.711Z" },
    { url = "https://files.pythonhosted.org/packages/82/91/a3cf2a1e87d336eaa804a1e6fc93266faf6dc2a97eecdbc7eae289628022/pyrefly-1.0.0-py3-none-macosx_11_0_arm64.whl", hash = "sha256:a7038efc3a40f8294edee339895633cf22db268c0d434cdbcbefc34f78a9ecc3", size = 12599494, upload-time = "2026-05-12T20:12:23.495Z" },
    { url = "https://files.pythonhosted.org/packages/cd/ab/74d1e11e737e99b1c003ecc5d7d2e846c4ea1f328966bfdbbd0ac63fad0a/pyrefly-1.0.0-py3-none-manylinux_2_17_aarch64.manylinux2014_aarch64.whl", hash = "sha256:da331ca515ed1c08791da2b5f664cf9c1294c48fd802133262e7d5d51e0f4416", size = 12995507, upload-time = "2026-05-12T20:12:25.951Z" },
    { url = "https://files.pythonhosted.org/packages/7c/ac/2df0899f8464c97e5d995f994c97c5cb5b0f58610432aa90d26d924e1db5/pyrefly-1.0.0-py3-none-manylinux_2_17_i686.manylinux2014_i686.whl", hash = "sha256:c74219d8f3e63cdaa5501a0b21d1c9d37011820f9606728d0ed06f09ae86a878", size = 13947693, upload-time = "2026-05-12T20:12:29.188Z" },
    { url = "https://files.pythonhosted.org/packages/6b/3e/b247c24321e36f04b7d51f9ccf3df93e5009e4b29939524b36ec2e17dc2a/pyrefly-1.0.0-py3-none-manylinux_2_17_ppc64le.manylinux2014_ppc64le.whl", hash = "sha256:c0d05543b1bb6ee6d64149eb5d6b2fb15aa72d3962d6a97abca0afaca8b0c131", size = 13925803, upload-time = "2026-05-12T20:12:31.904Z" },
    { url = "https://files.pythonhosted.org/packages/61/16/cfa2d61a4aa1e1f7bca48bb37acd01c6a09db4864b16a54f9587092765ff/pyrefly-1.0.0-py3-none-manylinux_2_17_x86_64.manylinux2014_x86_64.whl", hash = "sha256:1382d5b1fcdb49a4de9f34d112d2bddf290a78ff93ee8149492ad5f1077ddffc", size = 13470398, upload-time = "2026-05-12T20:12:35.302Z" },
    { url = "https://files.pythonhosted.org/packages/cb/2b/6372c7dddb326223e24a46b17efd0d4bd7b4fe22c821e523157577eed2d2/pyrefly-1.0.0-py3-none-win32.whl", hash = "sha256:aa8b5d0e47080e3202a2547b39f7a5a61d2c781c712b3b67884f745ca2c759d2", size = 12222643, upload-time = "2026-05-12T20:12:38.618Z" },
    { url = "https://files.pythonhosted.org/packages/be/ad/1d23be700b6b2ddaeb362360c7145917a8edbbf7240ae428d40541772fce/pyrefly-1.0.0-py3-none-win_amd64.whl", hash = "sha256:c8abcb0f2082e83c890375128f9cff4aa4d3f210b85eea7b3046c1ae764e77f5", size = 13146369, upload-time = "2026-05-12T20:12:41.423Z" },
    { url = "https://files.pythonhosted.org/packages/8c/38/16589134f3012fd097a10dcc85771555f1a5fb76e04b682597180743af30/pyrefly-1.0.0-py3-none-win_arm64.whl", hash = "sha256:d150fa9e40e8392832be81c3bcfc0497c146674ce4d0f8e04e1ec29e775ffb8c", size = 12538326, upload-time = "2026-05-12T20:12:43.996Z" },
]

[[package]]
name = "ruff"
version = "0.15.13"
source = { registry = "https://pypi.org/simple" }
sdist = { url = "https://files.pythonhosted.org/packages/24/21/a7d5c126d5b557715ef81098f3db2fe20f622a039ff2e626af28d674ab80/ruff-0.15.13.tar.gz", hash = "sha256:f9d89f17f7ba7fb2ed42921f0df75da797a9a5d71bc39049e2c687cf2baf44b7", size = 4678180, upload-time = "2026-05-14T13:44:37.869Z" }
wheels = [
    { url = "https://files.pythonhosted.org/packages/c6/61/11d458dc6ac22504fd8e237b29dfd40504c7fbbcc8930402cfe51a8e63ed/ruff-0.15.13-py3-none-linux_armv6l.whl", hash = "sha256:444b580fc72fd6887e650acd3e575e18cdc79dbcf42fb4030b491057921f61f8", size = 10738279, upload-time = "2026-05-14T13:44:18.7Z" },
    { url = "https://files.pythonhosted.org/packages/86/ca/caa871ee7be718c45256fada4e16a218ee3e33f0c4a46b729a60a24912e6/ruff-0.15.13-py3-none-macosx_10_12_x86_64.whl", hash = "sha256:6590d009e7cb7ebf36f83dbdd44a3fa48a0994ff6f1cdc1b08006abe58f98dc7", size = 11124798, upload-time = "2026-05-14T13:44:06.427Z" },
    { url = "https://files.pythonhosted.org/packages/d3/19/43f5f2e568dddde567fc41f8471f9432c09563e19d3e617a48cfa52f8f0a/ruff-0.15.13-py3-none-macosx_11_0_arm64.whl", hash = "sha256:1c26d2f66163deeb6e08d8b39fbbe983ce3c71cea06a6d7591cfd1421793c629", size = 10460761, upload-time = "2026-05-14T13:44:04.375Z" },
    { url = "https://files.pythonhosted.org/packages/99/df/cf938cd6de3003178f03ad7c1ea2a6c099468c03a35037985070b37e76be/ruff-0.15.13-py3-none-manylinux_2_17_aarch64.manylinux2014_aarch64.whl", hash = "sha256:9dbd6f94b434f896308e4d57fb7bfde0d02b99f7a64b3bdab0fdfa6a864203a5", size = 10804451, upload-time = "2026-05-14T13:44:25.221Z" },
    { url = "https://files.pythonhosted.org/packages/c7/7d/5d0973129b154ded2225729169d7068f26b467760b146493fde138415f23/ruff-0.15.13-py3-none-manylinux_2_17_armv7l.manylinux2014_armv7l.whl", hash = "sha256:bf3259f3be4d181bda591da5db2571aed6853c6a048157756448020bc6c5cd22", size = 10534285, upload-time = "2026-05-14T13:44:08.888Z" },
    { url = "https://files.pythonhosted.org/packages/1f/e3/6b999bbc66cd51e5f073842bc2a3995e99c5e0e72e16b15e7261f7abf57a/ruff-0.15.13-py3-none-manylinux_2_17_i686.manylinux2014_i686.whl", hash = "sha256:ae9c17e5eb4430c154e76abc25d79a318190f5a997f38fb6b114416c5319ffc9", size = 11312063, upload-time = "2026-05-14T13:44:11.274Z" },
    { url = "https://files.pythonhosted.org/packages/af/5a/642639e9f5db04f1e97fbd6e091c6fd20725bdf072fb114d00eefb9e6eb8/ruff-0.15.13-py3-none-manylinux_2_17_ppc64le.manylinux2014_ppc64le.whl", hash = "sha256:2e2e39bff6c341f4b577a21b801326fab0b11847f48fcaa83f00a113c9b3cb55", size = 12183079, upload-time = "2026-05-14T13:44:01.634Z" },
    { url = "https://files.pythonhosted.org/packages/19/4c/7585735f6b53b0f12de13618b2f7d250a844f018822efc899df2e7b8295f/ruff-0.15.13-py3-none-manylinux_2_17_s390x.manylinux2014_s390x.whl", hash = "sha256:e8d9a8e08013542e94d3220bc5b62cc3e5ef87c5f74bff367d3fac14fab013e6", size = 11440833, upload-time = "2026-05-14T13:43:59.043Z" },
    { url = "https://files.pythonhosted.org/packages/e8/31/bf1a0803d077e679cfeee5f2f67290a0fa79c7385b5d9a8c17b9db2c48f0/ruff-0.15.13-py3-none-manylinux_2_17_x86_64.manylinux2014_x86_64.whl", hash = "sha256:cc411dfebe5eebe55ce041c6ae080eb7668955e866daa2fbb16692a784f1c4ca", size = 11434486, upload-time = "2026-05-14T13:44:27.761Z" },
    { url = "https://files.pythonhosted.org/packages/e1/4e/62c9b999875d4f14db80f277c030578f5e249c9852d65b7ac7ad0b43c041/ruff-0.15.13-py3-none-manylinux_2_31_riscv64.whl", hash = "sha256:768494eb08b9cee54e2fd27969966f74db5a57f6eaa7a90fcb3306af34dfc4bd", size = 11385189, upload-time = "2026-05-14T13:44:13.704Z" },
    { url = "https://files.pythonhosted.org/packages/fc/89/7e959047a104df3eb12863447c110140191fc5b6c4f379ea2e803fcdb0e4/ruff-0.15.13-py3-none-musllinux_1_2_aarch64.whl", hash = "sha256:fb75f9a3a7e42ffe117d734494e6c5e5cb3565d66e12612cb63d0e572a41a5b6", size = 10781380, upload-time = "2026-05-14T13:43:56.734Z" },
    { url = "https://files.pythonhosted.org/packages/ff/52/5fd18f3b88cab63e88aa11516b3b4e1e5f720e5c330f8dbe5c26210f41f8/ruff-0.15.13-py3-none-musllinux_1_2_armv7l.whl", hash = "sha256:8cb74dd33bb2f6613faf7fc03b660053b5ac4f80e706d5788c6335e2a8048d51", size = 10540605, upload-time = "2026-05-14T13:44:20.748Z" },
    { url = "https://files.pythonhosted.org/packages/e8/e0/9e35f338990d3e41a82875ff7053ffe97541dae81c9d02143177f381d572/ruff-0.15.13-py3-none-musllinux_1_2_i686.whl", hash = "sha256:7ef823f817fcd191dc934e984be9cf4094f808effa16f2542ad8e821ba02bbf2", size = 11036554, upload-time = "2026-05-14T13:44:16.256Z" },
    { url = "https://files.pythonhosted.org/packages/c2/13/070fb048c24080fba188f66371e2a92785be257ad02242066dc7255ac6e9/ruff-0.15.13-py3-none-musllinux_1_2_x86_64.whl", hash = "sha256:f345a13937bd7f09f6f5d19fa0721b0c103e00e7f62bc67089a8e5e037719e0b", size = 11528133, upload-time = "2026-05-14T13:44:22.808Z" },
    { url = "https://files.pythonhosted.org/packages/6b/8c/b1e1666aef7fc6555094d73ae6cd981701781ae85b97ceefc0eebd0b4668/ruff-0.15.13-py3-none-win32.whl", hash = "sha256:4044f94208b3b05ba0fc4a4abd0558cf4d6459bd18325eead7fd8cc66f909b41", size = 10721455, upload-time = "2026-05-14T13:44:35.697Z" },
    { url = "https://files.pythonhosted.org/packages/ab/a6/870a3e8a50590bb92be184ad928c2922f088b00d9dc5c5ec7b924ee08c22/ruff-0.15.13-py3-none-win_amd64.whl", hash = "sha256:7064884d442b7d477b4e7473d12da7f08851d2b1982763c5d3f388a19468a1a4", size = 11900409, upload-time = "2026-05-14T13:44:30.389Z" },
    { url = "https://files.pythonhosted.org/packages/9b/36/9c015cd052fca743dae8cb2aeb16b551444787467db42ceab0fc968865af/ruff-0.15.13-py3-none-win_arm64.whl", hash = "sha256:2471da9bd1068c8c064b5fd9c0c4b6dddffd6369cb1cd68b29993b1709ff1b21", size = 11179336, upload-time = "2026-05-14T13:44:33.026Z" },
]
